
Microsoft Visual Studio Solution File, Format Version 12.00
# Visual Studio 15
VisualStudioVersion = 15.0.27130.2010
MinimumVisualStudioVersion = 10.0.40219.1
Project("{8BC9CEB8-8B4A-11D0-8D11-00A0C91BC942}") = "PhysicalMaps", "PhysicalMaps\PhysicalMaps.vcxproj", "{89350175-E3BC-4897-8285-06204992E44C}"
EndProject
Project("{8BC9CEB8-8B4A-11D0-8D11-00A0C91BC942}") = "RemotePhysMap", "RemotePhysMap\RemotePhysMap.vcxproj", "{15EC8174-4DED-4D98-9F74-17AE2826049F}"
EndProject
Global
	GlobalSection(SolutionConfigurationPlatforms) = preSolution
		Debug|x64 = Debug|x64
		Debug|x86 = Debug|x86
		Release|x64 = Release|x64
		Release|x86 = Release|x86
	EndGlobalSection
	GlobalSection(ProjectConfigurationPlatforms) = postSolution
		{89350175-E3BC-4897-8285-06204992E44C}.Debug|x64.ActiveCfg = Debug|x64
		{89350175-E3BC-4897-8285-06204992E44C}.Debug|x64.Build.0 = Debug|x64
		{89350175-E3BC-4897-8285-06204992E44C}.Debug|x86.ActiveCfg = Debug|Win32
		{89350175-E3BC-4897-8285-06204992E44C}.Debug|x86.Build.0 = Debug|Win32
		{89350175-E3BC-4897-8285-06204992E44C}.Release|x64.ActiveCfg = Release|x64
		{89350175-E3BC-4897-8285-06204992E44C}.Release|x64.Build.0 = Release|x64
		{89350175-E3BC-4897-8285-06204992E44C}.Release|x86.ActiveCfg = Release|Win32
		{89350175-E3BC-4897-8285-06204992E44C}.Release|x86.Build.0 = Release|Win32
		{15EC8174-4DED-4D98-9F74-17AE2826049F}.Debug|x64.ActiveCfg = Debug|x64
		{15EC8174-4DED-4D98-9F74-17AE2826049F}.Debug|x64.Build.0 = Debug|x64
		{15EC8174-4DED-4D98-9F74-17AE2826049F}.Debug|x86.ActiveCfg = Debug|Win32
		{15EC8174-4DED-4D98-9F74-17AE2826049F}.Debug|x86.Build.0 = Debug|Win32
		{15EC8174-4DED-4D98-9F74-17AE2826049F}.Release|x64.ActiveCfg = Release|x64
		{15EC8174-4DED-4D98-9F74-17AE2826049F}.Release|x64.Build.0 = Release|x64
		{15EC8174-4DED-4D98-9F74-17AE2826049F}.Release|x86.ActiveCfg = Release|Win32
		{15EC8174-4DED-4D98-9F74-17AE2826049F}.Release|x86.Build.0 = Release|Win32
	EndGlobalSection
	GlobalSection(SolutionProperties) = preSolution
		HideSolutionNode = FALSE
	EndGlobalSection
	GlobalSection(ExtensibilityGlobals) = postSolution
		SolutionGuid = {7CE94D3F-198B-4CE7-A34F-96E7E06CB3A6}
	EndGlobalSection
EndGlobal
